// !$*UTF8*$!
{
	archiveVersion = 1;
	classes = {
	};
	objectVersion = 50;
	objects = {

/* Begin PBXBuildFile section */
		7941FA9322C1274E004B1170 /* AppDelegate.swift in Sources */ = {isa = PBXBuildFile; fileRef = 7941FA9222C1274E004B1170 /* AppDelegate.swift */; };
		7941FA9522C1274E004B1170 /* ViewController.swift in Sources */ = {isa = PBXBuildFile; fileRef = 7941FA9422C1274E004B1170 /* ViewController.swift */; };
		7941FA9822C1274E004B1170 /* Main.storyboard in Resources */ = {isa = PBXBuildFile; fileRef = 7941FA9622C1274E004B1170 /* Main.storyboard */; };
		7941FA9B22C1274E004B1170 /* todolist.xcdatamodeld in Sources */ = {isa = PBXBuildFile; fileRef = 7941FA9922C1274E004B1170 /* todolist.xcdatamodeld */; };
		7941FA9D22C12751004B1170 /* Assets.xcassets in Resources */ = {isa = PBXBuildFile; fileRef = 7941FA9C22C12751004B1170 /* Assets.xcassets */; };
		7941FAA022C12751004B1170 /* LaunchScreen.storyboard in Resources */ = {isa = PBXBuildFile; fileRef = 7941FA9E22C12751004B1170 /* LaunchScreen.storyboard */; };
		7941FAAB22C12751004B1170 /* todolistTests.swift in Sources */ = {isa = PBXBuildFile; fileRef = 7941FAAA22C12751004B1170 /* todolistTests.swift */; };
		7941FAB622C12751004B1170 /* todolistUITests.swift in Sources */ = {isa = PBXBuildFile; fileRef = 7941FAB522C12751004B1170 /* todolistUITests.swift */; };
/* End PBXBuildFile section */

/* Begin PBXContainerItemProxy section */
		7941FAA722C12751004B1170 /* PBXContainerItemProxy */ = {
			isa = PBXContainerItemProxy;
			containerPortal = 7941FA8722C1274E004B1170 /* Project object */;
			proxyType = 1;
			remoteGlobalIDString = 7941FA8E22C1274E004B1170;
			remoteInfo = todolist;
		};
		7941FAB222C12751004B1170 /* PBXContainerItemProxy */ = {
			isa = PBXContainerItemProxy;
			containerPortal = 7941FA8722C1274E004B1170 /* Project object */;
			proxyType = 1;
			remoteGlobalIDString = 7941FA8E22C1274E004B1170;
			remoteInfo = todolist;
		};
/* End PBXContainerItemProxy section */

/* Begin PBXFileReference section */
		7941FA8F22C1274E004B1170 /* todolist.app */ = {isa = PBXFileReference; explicitFileType = wrapper.application; includeInIndex = 0; path = todolist.app; sourceTree = BUILT_PRODUCTS_DIR; };
		7941FA9222C1274E004B1170 /* AppDelegate.swift */ = {isa = PBXFileReference; lastKnownFileType = sourcecode.swift; path = AppDelegate.swift; sourceTree = "<group>"; };
		7941FA9422C1274E004B1170 /* ViewController.swift */ = {isa = PBXFileReference; lastKnownFileType = sourcecode.swift; path = ViewController.swift; sourceTree = "<group>"; };
		7941FA9722C1274E004B1170 /* Base */ = {isa = PBXFileReference; lastKnownFileType = file.storyboard; name = Base; path = Base.lproj/Main.storyboard; sourceTree = "<group>"; };
		7941FA9A22C1274E004B1170 /* todolist.xcdatamodel */ = {isa = PBXFileReference; lastKnownFileType = wrapper.xcdatamodel; path = todolist.xcdatamodel; sourceTree = "<group>"; };
		7941FA9C22C12751004B1170 /* Assets.xcassets */ = {isa = PBXFileReference; lastKnownFileType = folder.assetcatalog; path = Assets.xcassets; sourceTree = "<group>"; };
		7941FA9F22C12751004B1170 /* Base */ = {isa = PBXFileReference; lastKnownFileType = file.storyboard; name = Base; path = Base.lproj/LaunchScreen.storyboard; sourceTree = "<group>"; };
		7941FAA122C12751004B1170 /* Info.plist */ = {isa = PBXFileReference; lastKnownFileType = text.plist.xml; path = Info.plist; sourceTree = "<group>"; };
		7941FAA622C12751004B1170 /* todolistTests.xctest */ = {isa = PBXFileReference; explicitFileType = wrapper.cfbundle; includeInIndex = 0; path = todolistTests.xctest; sourceTree = BUILT_PRODUCTS_DIR; };
		7941FAAA22C12751004B1170 /* todolistTests.swift */ = {isa = PBXFileReference; lastKnownFileType = sourcecode.swift; path = todolistTests.swift; sourceTree = "<group>"; };
		7941FAAC22C12751004B1170 /* Info.plist */ = {isa = PBXFileReference; lastKnownFileType = text.plist.xml; path = Info.plist; sourceTree = "<group>"; };
		7941FAB122C12751004B1170 /* todolistUITests.xctest */ = {isa = PBXFileReference; explicitFileType = wrapper.cfbundle; includeInIndex = 0; path = todolistUITests.xctest; sourceTree = BUILT_PRODUCTS_DIR; };
		7941FAB522C12751004B1170 /* todolistUITests.swift */ = {isa = PBXFileReference; lastKnownFileType = sourcecode.swift; path = todolistUITests.swift; sourceTree = "<group>"; };
		7941FAB722C12751004B1170 /* Info.plist */ = {isa = PBXFileReference; lastKnownFileType = text.plist.xml; path = Info.plist; sourceTree = "<group>"; };
/* End PBXFileReference section */

/* Begin PBXFrameworksBuildPhase section */
		7941FA8C22C1274E004B1170 /* Frameworks */ = {
			isa = PBXFrameworksBuildPhase;
			buildActionMask = 2147483647;
			files = (
			);
			runOnlyForDeploymentPostprocessing = 0;
		};
		7941FAA322C12751004B1170 /* Frameworks */ = {
			isa = PBXFrameworksBuildPhase;
			buildActionMask = 2147483647;
			files = (
			);
			runOnlyForDeploymentPostprocessing = 0;
		};
		7941FAAE22C12751004B1170 /* Frameworks */ = {
			isa = PBXFrameworksBuildPhase;
			buildActionMask = 2147483647;
			files = (
			);
			runOnlyForDeploymentPostprocessing = 0;
		};
/* End PBXFrameworksBuildPhase section */

/* Begin PBXGroup section */
		7941FA8622C1274E004B1170 = {
			isa = PBXGroup;
			children = (
				7941FA9122C1274E004B1170 /* todolist */,
				7941FAA922C12751004B1170 /* todolistTests */,
				7941FAB422C12751004B1170 /* todolistUITests */,
				7941FA9022C1274E004B1170 /* Products */,
			);
			sourceTree = "<group>";
		};
		7941FA9022C1274E004B1170 /* Products */ = {
			isa = PBXGroup;
			children = (
				7941FA8F22C1274E004B1170 /* todolist.app */,
				7941FAA622C12751004B1170 /* todolistTests.xctest */,
				7941FAB122C12751004B1170 /* todolistUITests.xctest */,
			);
			name = Products;
			sourceTree = "<group>";
		};
		7941FA9122C1274E004B1170 /* todolist */ = {
			isa = PBXGroup;
			children = (
				7941FA9222C1274E004B1170 /* AppDelegate.swift */,
				7941FA9422C1274E004B1170 /* ViewController.swift */,
				7941FA9622C1274E004B1170 /* Main.storyboard */,
				7941FA9C22C12751004B1170 /* Assets.xcassets */,
				7941FA9E22C12751004B1170 /* LaunchScreen.storyboard */,
				7941FAA122C12751004B1170 /* Info.plist */,
				7941FA9922C1274E004B1170 /* todolist.xcdatamodeld */,
			);
			path = todolist;
			sourceTree = "<group>";
		};
		7941FAA922C12751004B1170 /* todolistTests */ = {
			isa = PBXGroup;
			children = (
				7941FAAA22C12751004B1170 /* todolistTests.swift */,
				7941FAAC22C12751004B1170 /* Info.plist */,
			);
			path = todolistTests;
			sourceTree = "<group>";
		};
		7941FAB422C12751004B1170 /* todolistUITests */ = {
			isa = PBXGroup;
			children = (
				7941FAB522C12751004B1170 /* todolistUITests.swift */,
				7941FAB722C12751004B1170 /* Info.plist */,
			);
			path = todolistUITests;
			sourceTree = "<group>";
		};
/* End PBXGroup section */

/* Begin PBXNativeTarget section */
		7941FA8E22C1274E004B1170 /* todolist */ = {
			isa = PBXNativeTarget;
			buildConfigurationList = 7941FABA22C12751004B1170 /* Build configuration list for PBXNativeTarget "todolist" */;
			buildPhases = (
				7941FA8B22C1274E004B1170 /* Sources */,
				7941FA8C22C1274E004B1170 /* Frameworks */,
				7941FA8D22C1274E004B1170 /* Resources */,
			);
			buildRules = (
			);
			dependencies = (
			);
			name = todolist;
			productName = todolist;
			productReference = 7941FA8F22C1274E004B1170 /* todolist.app */;
			productType = "com.apple.product-type.application";
		};
		7941FAA522C12751004B1170 /* todolistTests */ = {
			isa = PBXNativeTarget;
			buildConfigurationList = 7941FABD22C12751004B1170 /* Build configuration list for PBXNativeTarget "todolistTests" */;
			buildPhases = (
				7941FAA222C12751004B1170 /* Sources */,
				7941FAA322C12751004B1170 /* Frameworks */,
				7941FAA422C12751004B1170 /* Resources */,
			);
			buildRules = (
			);
			dependencies = (
				7941FAA822C12751004B1170 /* PBXTargetDependency */,
			);
			name = todolistTests;
			productName = todolistTests;
			productReference = 7941FAA622C12751004B1170 /* todolistTests.xctest */;
			productType = "com.apple.product-type.bundle.unit-test";
		};
		7941FAB022C12751004B1170 /* todolistUITests */ = {
			isa = PBXNativeTarget;
			buildConfigurationList = 7941FAC022C12751004B1170 /* Build configuration list for PBXNativeTarget "todolistUITests" */;
			buildPhases = (
				7941FAAD22C12751004B1170 /* Sources */,
				7941FAAE22C12751004B1170 /* Frameworks */,
				7941FAAF22C12751004B1170 /* Resources */,
			);
			buildRules = (
			);
			dependencies = (
				7941FAB322C12751004B1170 /* PBXTargetDependency */,
			);
			name = todolistUITests;
			productName = todolistUITests;
			productReference = 7941FAB122C12751004B1170 /* todolistUITests.xctest */;
			productType = "com.apple.product-type.bundle.ui-testing";
		};
/* End PBXNativeTarget section */

/* Begin PBXProject section */
		7941FA8722C1274E004B1170 /* Project object */ = {
			isa = PBXProject;
			attributes = {
				LastSwiftUpdateCheck = 1020;
				LastUpgradeCheck = 1020;
				ORGANIZATIONNAME = "Jessica Hernandez";
				TargetAttributes = {
					7941FA8E22C1274E004B1170 = {
						CreatedOnToolsVersion = 10.2.1;
					};
					7941FAA522C12751004B1170 = {
						CreatedOnToolsVersion = 10.2.1;
						TestTargetID = 7941FA8E22C1274E004B1170;
					};
					7941FAB022C12751004B1170 = {
						CreatedOnToolsVersion = 10.2.1;
						TestTargetID = 7941FA8E22C1274E004B1170;
					};
				};
			};
			buildConfigurationList = 7941FA8A22C1274E004B1170 /* Build configuration list for PBXProject "todolist" */;
			compatibilityVersion = "Xcode 9.3";
			developmentRegion = en;
			hasScannedForEncodings = 0;
			knownRegions = (
				en,
				Base,
			);
			mainGroup = 7941FA8622C1274E004B1170;
			productRefGroup = 7941FA9022C1274E004B1170 /* Products */;
			projectDirPath = "";
			projectRoot = "";
			targets = (
				7941FA8E22C1274E004B1170 /* todolist */,
				7941FAA522C12751004B1170 /* todolistTests */,
				7941FAB022C12751004B1170 /* todolistUITests */,
			);
		};
/* End PBXProject section */

/* Begin PBXResourcesBuildPhase section */
		7941FA8D22C1274E004B1170 /* Resources */ = {
			isa = PBXResourcesBuildPhase;
			buildActionMask = 2147483647;
			files = (
				7941FAA022C12751004B1170 /* LaunchScreen.storyboard in Resources */,
				7941FA9D22C12751004B1170 /* Assets.xcassets in Resources */,
				7941FA9822C1274E004B1170 /* Main.storyboard in Resources */,
			);
			runOnlyForDeploymentPostprocessing = 0;
		};
		7941FAA422C12751004B1170 /* Resources */ = {
			isa = PBXResourcesBuildPhase;
			buildActionMask = 2147483647;
			files = (
			);
			runOnlyForDeploymentPostprocessing = 0;
		};
		7941FAAF22C12751004B1170 /* Resources */ = {
			isa = PBXResourcesBuildPhase;
			buildActionMask = 2147483647;
			files = (
			);
			runOnlyForDeploymentPostprocessing = 0;
		};
/* End PBXResourcesBuildPhase section */

/* Begin PBXSourcesBuildPhase section */
		7941FA8B22C1274E004B1170 /* Sources */ = {
			isa = PBXSourcesBuildPhase;
			buildActionMask = 2147483647;
			files = (
				7941FA9B22C1274E004B1170 /* todolist.xcdatamodeld in Sources */,
				7941FA9522C1274E004B1170 /* ViewController.swift in Sources */,
				7941FA9322C1274E004B1170 /* AppDelegate.swift in Sources */,
			);
			runOnlyForDeploymentPostprocessing = 0;
		};
		7941FAA222C12751004B1170 /* Sources */ = {
			isa = PBXSourcesBuildPhase;
			buildActionMask = 2147483647;
			files = (
				7941FAAB22C12751004B1170 /* todolistTests.swift in Sources */,
			);
			runOnlyForDeploymentPostprocessing = 0;
		};
		7941FAAD22C12751004B1170 /* Sources */ = {
			isa = PBXSourcesBuildPhase;
			buildActionMask = 2147483647;
			files = (
				7941FAB622C12751004B1170 /* todolistUITests.swift in Sources */,
			);
			runOnlyForDeploymentPostprocessing = 0;
		};
/* End PBXSourcesBuildPhase section */

/* Begin PBXTargetDependency section */
		7941FAA822C12751004B1170 /* PBXTargetDependency */ = {
			isa = PBXTargetDependency;
			target = 7941FA8E22C1274E004B1170 /* todolist */;
			targetProxy = 7941FAA722C12751004B1170 /* PBXContainerItemProxy */;
		};
		7941FAB322C12751004B1170 /* PBXTargetDependency */ = {
			isa = PBXTargetDependency;
			target = 7941FA8E22C1274E004B1170 /* todolist */;
			targetProxy = 7941FAB222C12751004B1170 /* PBXContainerItemProxy */;
		};
/* End PBXTargetDependency section */

/* Begin PBXVariantGroup section */
		7941FA9622C1274E004B1170 /* Main.storyboard */ = {
			isa = PBXVariantGroup;
			children = (
				7941FA9722C1274E004B1170 /* Base */,
			);
			name = Main.storyboard;
			sourceTree = "<group>";
		};
		7941FA9E22C12751004B1170 /* LaunchScreen.storyboard */ = {
			isa = PBXVariantGroup;
			children = (
				7941FA9F22C12751004B1170 /* Base */,
			);
			name = LaunchScreen.storyboard;
			sourceTree = "<group>";
		};
/* End PBXVariantGroup section */

/* Begin XCBuildConfiguration section */
		7941FAB822C12751004B1170 /* Debug */ = {
			isa = XCBuildConfiguration;
			buildSettings = {
				ALWAYS_SEARCH_USER_PATHS = NO;
				CLANG_ANALYZER_NONNULL = YES;
				CLANG_ANALYZER_NUMBER_OBJECT_CONVERSION = YES_AGGRESSIVE;
				CLANG_CXX_LANGUAGE_STANDARD = "gnu++14";
				CLANG_CXX_LIBRARY = "libc++";
				CLANG_ENABLE_MODULES = YES;
				CLANG_ENABLE_OBJC_ARC = YES;
				CLANG_ENABLE_OBJC_WEAK = YES;
				CLANG_WARN_BLOCK_CAPTURE_AUTORELEASING = YES;
				CLANG_WARN_BOOL_CONVERSION = YES;
				CLANG_WARN_COMMA = YES;
				CLANG_WARN_CONSTANT_CONVERSION = YES;
				CLANG_WARN_DEPRECATED_OBJC_IMPLEMENTATIONS = YES;
				CLANG_WARN_DIRECT_OBJC_ISA_USAGE = YES_ERROR;
				CLANG_WARN_DOCUMENTATION_COMMENTS = YES;
				CLANG_WARN_EMPTY_BODY = YES;
				CLANG_WARN_ENUM_CONVERSION = YES;
				CLANG_WARN_INFINITE_RECURSION = YES;
				CLANG_WARN_INT_CONVERSION = YES;
				CLANG_WARN_NON_LITERAL_NULL_CONVERSION = YES;
				CLANG_WARN_OBJC_IMPLICIT_RETAIN_SELF = YES;
				CLANG_WARN_OBJC_LITERAL_CONVERSION = YES;
				CLANG_WARN_OBJC_ROOT_CLASS = YES_ERROR;
				CLANG_WARN_RANGE_LOOP_ANALYSIS = YES;
				CLANG_WARN_STRICT_PROTOTYPES = YES;
				CLANG_WARN_SUSPICIOUS_MOVE = YES;
				CLANG_WARN_UNGUARDED_AVAILABILITY = YES_AGGRESSIVE;
				CLANG_WARN_UNREACHABLE_CODE = YES;
				CLANG_WARN__DUPLICATE_METHOD_MATCH = YES;
				CODE_SIGN_IDENTITY = "iPhone Developer";
				COPY_PHASE_STRIP = NO;
				DEBUG_INFORMATION_FORMAT = dwarf;
				ENABLE_STRICT_OBJC_MSGSEND = YES;
				ENABLE_TESTABILITY = YES;
				GCC_C_LANGUAGE_STANDARD = gnu11;
				GCC_DYNAMIC_NO_PIC = NO;
				GCC_NO_COMMON_BLOCKS = YES;
				GCC_OPTIMIZATION_LEVEL = 0;
				GCC_PREPROCESSOR_DEFINITIONS = (
					"DEBUG=1",
					"$(inherited)",
				);
				GCC_WARN_64_TO_32_BIT_CONVERSION = YES;
				GCC_WARN_ABOUT_RETURN_TYPE = YES_ERROR;
				GCC_WARN_UNDECLARED_SELECTOR = YES;
				GCC_WARN_UNINITIALIZED_AUTOS = YES_AGGRESSIVE;
				GCC_WARN_UNUSED_FUNCTION = YES;
				GCC_WARN_UNUSED_VARIABLE = YES;
				IPHONEOS_DEPLOYMENT_TARGET = 12.2;
				MTL_ENABLE_DEBUG_INFO = INCLUDE_SOURCE;
				MTL_FAST_MATH = YES;
				ONLY_ACTIVE_ARCH = YES;
				SDKROOT = iphoneos;
				SWIFT_ACTIVE_COMPILATION_CONDITIONS = DEBUG;
				SWIFT_OPTIMIZATION_LEVEL = "-Onone";
			};
			name = Debug;
		};
		7941FAB922C12751004B1170 /* Release */ = {
			isa = XCBuildConfiguration;
			buildSettings = {
				ALWAYS_SEARCH_USER_PATHS = NO;
				CLANG_ANALYZER_NONNULL = YES;
				CLANG_ANALYZER_NUMBER_OBJECT_CONVERSION = YES_AGGRESSIVE;
				CLANG_CXX_LANGUAGE_STANDARD = "gnu++14";
				CLANG_CXX_LIBRARY = "libc++";
				CLANG_ENABLE_MODULES = YES;
				CLANG_ENABLE_OBJC_ARC = YES;
				CLANG_ENABLE_OBJC_WEAK = YES;
				CLANG_WARN_BLOCK_CAPTURE_AUTORELEASING = YES;
				CLANG_WARN_BOOL_CONVERSION = YES;
				CLANG_WARN_COMMA = YES;
				CLANG_WARN_CONSTANT_CONVERSION = YES;
				CLANG_WARN_DEPRECATED_OBJC_IMPLEMENTATIONS = YES;
				CLANG_WARN_DIRECT_OBJC_ISA_USAGE = YES_ERROR;
				CLANG_WARN_DOCUMENTATION_COMMENTS = YES;
				CLANG_WARN_EMPTY_BODY = YES;
				CLANG_WARN_ENUM_CONVERSION = YES;
				CLANG_WARN_INFINITE_RECURSION = YES;
				CLANG_WARN_INT_CONVERSION = YES;
				CLANG_WARN_NON_LITERAL_NULL_CONVERSION = YES;
				CLANG_WARN_OBJC_IMPLICIT_RETAIN_SELF = YES;
				CLANG_WARN_OBJC_LITERAL_CONVERSION = YES;
				CLANG_WARN_OBJC_ROOT_CLASS = YES_ERROR;
				CLANG_WARN_RANGE_LOOP_ANALYSIS = YES;
				CLANG_WARN_STRICT_PROTOTYPES = YES;
				CLANG_WARN_SUSPICIOUS_MOVE = YES;
				CLANG_WARN_UNGUARDED_AVAILABILITY = YES_AGGRESSIVE;
				CLANG_WARN_UNREACHABLE_CODE = YES;
				CLANG_WARN__DUPLICATE_METHOD_MATCH = YES;
				CODE_SIGN_IDENTITY = "iPhone Developer";
				COPY_PHASE_STRIP = NO;
				DEBUG_INFORMATION_FORMAT = "dwarf-with-dsym";
				ENABLE_NS_ASSERTIONS = NO;
				ENABLE_STRICT_OBJC_MSGSEND = YES;
				GCC_C_LANGUAGE_STANDARD = gnu11;
				GCC_NO_COMMON_BLOCKS = YES;
				GCC_WARN_64_TO_32_BIT_CONVERSION = YES;
				GCC_WARN_ABOUT_RETURN_TYPE = YES_ERROR;
				GCC_WARN_UNDECLARED_SELECTOR = YES;
				GCC_WARN_UNINITIALIZED_AUTOS = YES_AGGRESSIVE;
				GCC_WARN_UNUSED_FUNCTION = YES;
				GCC_WARN_UNUSED_VARIABLE = YES;
				IPHONEOS_DEPLOYMENT_TARGET = 12.2;
				MTL_ENABLE_DEBUG_INFO = NO;
				MTL_FAST_MATH = YES;
				SDKROOT = iphoneos;
				SWIFT_COMPILATION_MODE = wholemodule;
				SWIFT_OPTIMIZATION_LEVEL = "-O";
				VALIDATE_PRODUCT = YES;
			};
			name = Release;
		};
		7941FABB22C12751004B1170 /* Debug */ = {
			isa = XCBuildConfiguration;
			buildSettings = {
				ASSETCATALOG_COMPILER_APPICON_NAME = AppIcon;
				CODE_SIGN_STYLE = Automatic;
				INFOPLIST_FILE = todolist/Info.plist;
				LD_RUNPATH_SEARCH_PATHS = (
					"$(inherited)",
					"@executable_path/Frameworks",
				);
				PRODUCT_BUNDLE_IDENTIFIER = KWK.todolist;
				PRODUCT_NAME = "$(TARGET_NAME)";
				SWIFT_VERSION = 5.0;
				TARGETED_DEVICE_FAMILY = "1,2";
			};
			name = Debug;
		};
		7941FABC22C12751004B1170 /* Release */ = {
			isa = XCBuildConfiguration;
			buildSettings = {
				ASSETCATALOG_COMPILER_APPICON_NAME = AppIcon;
				CODE_SIGN_STYLE = Automatic;
				INFOPLIST_FILE = todolist/Info.plist;
				LD_RUNPATH_SEARCH_PATHS = (
					"$(inherited)",
					"@executable_path/Frameworks",
				);
				PRODUCT_BUNDLE_IDENTIFIER = KWK.todolist;
				PRODUCT_NAME = "$(TARGET_NAME)";
				SWIFT_VERSION = 5.0;
				TARGETED_DEVICE_FAMILY = "1,2";
			};
			name = Release;
		};
		7941FABE22C12751004B1170 /* Debug */ = {
			isa = XCBuildConfiguration;
			buildSettings = {
				ALWAYS_EMBED_SWIFT_STANDARD_LIBRARIES = YES;
				BUNDLE_LOADER = "$(TEST_HOST)";
				CODE_SIGN_STYLE = Automatic;
				INFOPLIST_FILE = todolistTests/Info.plist;
				LD_RUNPATH_SEARCH_PATHS = (
					"$(inherited)",
					"@executable_path/Frameworks",
					"@loader_path/Frameworks",
				);
				PRODUCT_BUNDLE_IDENTIFIER = KWK.todolistTests;
				PRODUCT_NAME = "$(TARGET_NAME)";
				SWIFT_VERSION = 5.0;
				TARGETED_DEVICE_FAMILY = "1,2";
				TEST_HOST = "$(BUILT_PRODUCTS_DIR)/todolist.app/todolist";
			};
			name = Debug;
		};
		7941FABF22C12751004B1170 /* Release */ = {
			isa = XCBuildConfiguration;
			buildSettings = {
				ALWAYS_EMBED_SWIFT_STANDARD_LIBRARIES = YES;
				BUNDLE_LOADER = "$(TEST_HOST)";
				CODE_SIGN_STYLE = Automatic;
				INFOPLIST_FILE = todolistTests/Info.plist;
				LD_RUNPATH_SEARCH_PATHS = (
					"$(inherited)",
					"@executable_path/Frameworks",
					"@loader_path/Frameworks",
				);
				PRODUCT_BUNDLE_IDENTIFIER = KWK.todolistTests;
				PRODUCT_NAME = "$(TARGET_NAME)";
				SWIFT_VERSION = 5.0;
				TARGETED_DEVICE_FAMILY = "1,2";
				TEST_HOST = "$(BUILT_PRODUCTS_DIR)/todolist.app/todolist";
			};
			name = Release;
		};
		7941FAC122C12751004B1170 /* Debug */ = {
			isa = XCBuildConfiguration;
			buildSettings = {
				ALWAYS_EMBED_SWIFT_STANDARD_LIBRARIES = YES;
				CODE_SIGN_STYLE = Automatic;
				INFOPLIST_FILE = todolistUITests/Info.plist;
				LD_RUNPATH_SEARCH_PATHS = (
					"$(inherited)",
					"@executable_path/Frameworks",
					"@loader_path/Frameworks",
				);
				PRODUCT_BUNDLE_IDENTIFIER = KWK.todolistUITests;
				PRODUCT_NAME = "$(TARGET_NAME)";
				SWIFT_VERSION = 5.0;
				TARGETED_DEVICE_FAMILY = "1,2";
				TEST_TARGET_NAME = todolist;
			};
			name = Debug;
		};
		7941FAC222C12751004B1170 /* Release */ = {
			isa = XCBuildConfiguration;
			buildSettings = {
				ALWAYS_EMBED_SWIFT_STANDARD_LIBRARIES = YES;
				CODE_SIGN_STYLE = Automatic;
				INFOPLIST_FILE = todolistUITests/Info.plist;
				LD_RUNPATH_SEARCH_PATHS = (
					"$(inherited)",
					"@executable_path/Frameworks",
					"@loader_path/Frameworks",
				);
				PRODUCT_BUNDLE_IDENTIFIER = KWK.todolistUITests;
				PRODUCT_NAME = "$(TARGET_NAME)";
				SWIFT_VERSION = 5.0;
				TARGETED_DEVICE_FAMILY = "1,2";
				TEST_TARGET_NAME = todolist;
			};
			name = Release;
		};
/* End XCBuildConfiguration section */

/* Begin XCConfigurationList section */
		7941FA8A22C1274E004B1170 /* Build configuration list for PBXProject "todolist" */ = {
			isa = XCConfigurationList;
			buildConfigurations = (
				7941FAB822C12751004B1170 /* Debug */,
				7941FAB922C12751004B1170 /* Release */,
			);
			defaultConfigurationIsVisible = 0;
			defaultConfigurationName = Release;
		};
		7941FABA22C12751004B1170 /* Build configuration list for PBXNativeTarget "todolist" */ = {
			isa = XCConfigurationList;
			buildConfigurations = (
				7941FABB22C12751004B1170 /* Debug */,
				7941FABC22C12751004B1170 /* Release */,
			);
			defaultConfigurationIsVisible = 0;
			defaultConfigurationName = Release;
		};
		7941FABD22C12751004B1170 /* Build configuration list for PBXNativeTarget "todolistTests" */ = {
			isa = XCConfigurationList;
			buildConfigurations = (
				7941FABE22C12751004B1170 /* Debug */,
				7941FABF22C12751004B1170 /* Release */,
			);
			defaultConfigurationIsVisible = 0;
			defaultConfigurationName = Release;
		};
		7941FAC022C12751004B1170 /* Build configuration list for PBXNativeTarget "todolistUITests" */ = {
			isa = XCConfigurationList;
			buildConfigurations = (
				7941FAC122C12751004B1170 /* Debug */,
				7941FAC222C12751004B1170 /* Release */,
			);
			defaultConfigurationIsVisible = 0;
			defaultConfigurationName = Release;
		};
/* End XCConfigurationList section */

/* Begin XCVersionGroup section */
		7941FA9922C1274E004B1170 /* todolist.xcdatamodeld */ = {
			isa = XCVersionGroup;
			children = (
				7941FA9A22C1274E004B1170 /* todolist.xcdatamodel */,
			);
			currentVersion = 7941FA9A22C1274E004B1170 /* todolist.xcdatamodel */;
			path = todolist.xcdatamodeld;
			sourceTree = "<group>";
			versionGroupType = wrapper.xcdatamodel;
		};
/* End XCVersionGroup section */
	};
	rootObject = 7941FA8722C1274E004B1170 /* Project object */;
}
